
Microsoft Visual Studio Solution File, Format Version 12.00
# Visual Studio 15
VisualStudioVersion = 15.0.28307.421
MinimumVisualStudioVersion = 10.0.40219.1
Project("{FAE04EC0-301F-11D3-BF4B-00C04F79EFBC}") = "Opex", "Opex\Opex.csproj", "{8856DFAD-6FBF-4F3C-9DDB-ABF4F9D417A7}"
EndProject
Global
	GlobalSection(SolutionConfigurationPlatforms) = preSolution
		Debug|Any CPU = Debug|Any CPU
		Release|Any CPU = Release|Any CPU
	EndGlobalSection
	GlobalSection(ProjectConfigurationPlatforms) = postSolution
		{8856DFAD-6FBF-4F3C-9DDB-ABF4F9D417A7}.Debug|Any CPU.ActiveCfg = Debug|Any CPU
		{8856DFAD-6FBF-4F3C-9DDB-ABF4F9D417A7}.Debug|Any CPU.Build.0 = Debug|Any CPU
		{8856DFAD-6FBF-4F3C-9DDB-ABF4F9D417A7}.Release|Any CPU.ActiveCfg = Release|Any CPU
		{8856DFAD-6FBF-4F3C-9DDB-ABF4F9D417A7}.Release|Any CPU.Build.0 = Release|Any CPU
	EndGlobalSection
	GlobalSection(SolutionProperties) = preSolution
		HideSolutionNode = FALSE
	EndGlobalSection
	GlobalSection(ExtensibilityGlobals) = postSolution
		SolutionGuid = {28F58AD9-588E-4CF8-9A17-77E4D1C07C20}
	EndGlobalSection
EndGlobal
